// !$*UTF8*$!
{
	archiveVersion = 1;
	classes = {
	};
	objectVersion = 55;
	objects = {

/* Begin PBXBuildFile section */
		CC4766802887E50D005C3641 /* UserConstant.swift in Sources */ = {isa = PBXBuildFile; fileRef = CC47667F2887E50D005C3641 /* UserConstant.swift */; };
		CC4766822887E54C005C3641 /* Models.swift in Sources */ = {isa = PBXBuildFile; fileRef = CC4766812887E54C005C3641 /* Models.swift */; };
		CC4766842887E5B5005C3641 /* SqlDB.swift in Sources */ = {isa = PBXBuildFile; fileRef = CC4766832887E5B5005C3641 /* SqlDB.swift */; };
		CC4766862887FFDB005C3641 /* setData.swift in Sources */ = {isa = PBXBuildFile; fileRef = CC4766852887FFDB005C3641 /* setData.swift */; };
		CC832C0A2887CC2F00D9ED39 /* AppDelegate.swift in Sources */ = {isa = PBXBuildFile; fileRef = CC832C092887CC2F00D9ED39 /* AppDelegate.swift */; };
		CC832C0C2887CC2F00D9ED39 /* SceneDelegate.swift in Sources */ = {isa = PBXBuildFile; fileRef = CC832C0B2887CC2F00D9ED39 /* SceneDelegate.swift */; };
		CC832C0E2887CC2F00D9ED39 /* ViewController.swift in Sources */ = {isa = PBXBuildFile; fileRef = CC832C0D2887CC2F00D9ED39 /* ViewController.swift */; };
		CC832C112887CC2F00D9ED39 /* Main.storyboard in Resources */ = {isa = PBXBuildFile; fileRef = CC832C0F2887CC2F00D9ED39 /* Main.storyboard */; };
		CC832C132887CC3300D9ED39 /* Assets.xcassets in Resources */ = {isa = PBXBuildFile; fileRef = CC832C122887CC3300D9ED39 /* Assets.xcassets */; };
		CC832C162887CC3300D9ED39 /* LaunchScreen.storyboard in Resources */ = {isa = PBXBuildFile; fileRef = CC832C142887CC3300D9ED39 /* LaunchScreen.storyboard */; };
		CC85EC6128893A8200B72205 /* UserTableViewCell.swift in Sources */ = {isa = PBXBuildFile; fileRef = CC85EC5F28893A8200B72205 /* UserTableViewCell.swift */; };
		CC85EC6228893A8200B72205 /* UserTableViewCell.xib in Resources */ = {isa = PBXBuildFile; fileRef = CC85EC6028893A8200B72205 /* UserTableViewCell.xib */; };
		CC85EC662889426700B72205 /* AddViewController.swift in Sources */ = {isa = PBXBuildFile; fileRef = CC85EC642889426700B72205 /* AddViewController.swift */; };
		CC85EC672889426700B72205 /* AddViewController.xib in Resources */ = {isa = PBXBuildFile; fileRef = CC85EC652889426700B72205 /* AddViewController.xib */; };
		CC93F15D28B0987A007733ED /* SQLiteDemoTests.swift in Sources */ = {isa = PBXBuildFile; fileRef = CC93F15C28B0987A007733ED /* SQLiteDemoTests.swift */; };
/* End PBXBuildFile section */

/* Begin PBXContainerItemProxy section */
		CC93F15E28B0987A007733ED /* PBXContainerItemProxy */ = {
			isa = PBXContainerItemProxy;
			containerPortal = CC832BFE2887CC2F00D9ED39 /* Project object */;
			proxyType = 1;
			remoteGlobalIDString = CC832C052887CC2F00D9ED39;
			remoteInfo = SQLiteDemo;
		};
/* End PBXContainerItemProxy section */

/* Begin PBXFileReference section */
		CC47667F2887E50D005C3641 /* UserConstant.swift */ = {isa = PBXFileReference; lastKnownFileType = sourcecode.swift; path = UserConstant.swift; sourceTree = "<group>"; };
		CC4766812887E54C005C3641 /* Models.swift */ = {isa = PBXFileReference; lastKnownFileType = sourcecode.swift; path = Models.swift; sourceTree = "<group>"; };
		CC4766832887E5B5005C3641 /* SqlDB.swift */ = {isa = PBXFileReference; lastKnownFileType = sourcecode.swift; path = SqlDB.swift; sourceTree = "<group>"; };
		CC4766852887FFDB005C3641 /* setData.swift */ = {isa = PBXFileReference; lastKnownFileType = sourcecode.swift; path = setData.swift; sourceTree = "<group>"; };
		CC832C062887CC2F00D9ED39 /* SQLiteDemo.app */ = {isa = PBXFileReference; explicitFileType = wrapper.application; includeInIndex = 0; path = SQLiteDemo.app; sourceTree = BUILT_PRODUCTS_DIR; };
		CC832C092887CC2F00D9ED39 /* AppDelegate.swift */ = {isa = PBXFileReference; lastKnownFileType = sourcecode.swift; path = AppDelegate.swift; sourceTree = "<group>"; };
		CC832C0B2887CC2F00D9ED39 /* SceneDelegate.swift */ = {isa = PBXFileReference; lastKnownFileType = sourcecode.swift; path = SceneDelegate.swift; sourceTree = "<group>"; };
		CC832C0D2887CC2F00D9ED39 /* ViewController.swift */ = {isa = PBXFileReference; lastKnownFileType = sourcecode.swift; path = ViewController.swift; sourceTree = "<group>"; };
		CC832C102887CC2F00D9ED39 /* Base */ = {isa = PBXFileReference; lastKnownFileType = file.storyboard; name = Base; path = Base.lproj/Main.storyboard; sourceTree = "<group>"; };
		CC832C122887CC3300D9ED39 /* Assets.xcassets */ = {isa = PBXFileReference; lastKnownFileType = folder.assetcatalog; path = Assets.xcassets; sourceTree = "<group>"; };
		CC832C152887CC3300D9ED39 /* Base */ = {isa = PBXFileReference; lastKnownFileType = file.storyboard; name = Base; path = Base.lproj/LaunchScreen.storyboard; sourceTree = "<group>"; };
		CC832C172887CC3300D9ED39 /* Info.plist */ = {isa = PBXFileReference; lastKnownFileType = text.plist.xml; path = Info.plist; sourceTree = "<group>"; };
		CC85EC5F28893A8200B72205 /* UserTableViewCell.swift */ = {isa = PBXFileReference; lastKnownFileType = sourcecode.swift; path = UserTableViewCell.swift; sourceTree = "<group>"; };
		CC85EC6028893A8200B72205 /* UserTableViewCell.xib */ = {isa = PBXFileReference; lastKnownFileType = file.xib; path = UserTableViewCell.xib; sourceTree = "<group>"; };
		CC85EC642889426700B72205 /* AddViewController.swift */ = {isa = PBXFileReference; lastKnownFileType = sourcecode.swift; path = AddViewController.swift; sourceTree = "<group>"; };
		CC85EC652889426700B72205 /* AddViewController.xib */ = {isa = PBXFileReference; lastKnownFileType = file.xib; path = AddViewController.xib; sourceTree = "<group>"; };
		CC93F15A28B0987A007733ED /* SQLiteDemoTests.xctest */ = {isa = PBXFileReference; explicitFileType = wrapper.cfbundle; includeInIndex = 0; path = SQLiteDemoTests.xctest; sourceTree = BUILT_PRODUCTS_DIR; };
		CC93F15C28B0987A007733ED /* SQLiteDemoTests.swift */ = {isa = PBXFileReference; lastKnownFileType = sourcecode.swift; path = SQLiteDemoTests.swift; sourceTree = "<group>"; };
/* End PBXFileReference section */

/* Begin PBXFrameworksBuildPhase section */
		CC832C032887CC2F00D9ED39 /* Frameworks */ = {
			isa = PBXFrameworksBuildPhase;
			buildActionMask = 2147483647;
			files = (
			);
			runOnlyForDeploymentPostprocessing = 0;
		};
		CC93F15728B0987A007733ED /* Frameworks */ = {
			isa = PBXFrameworksBuildPhase;
			buildActionMask = 2147483647;
			files = (
			);
			runOnlyForDeploymentPostprocessing = 0;
		};
/* End PBXFrameworksBuildPhase section */

/* Begin PBXGroup section */
		CC47667E2887E42C005C3641 /* SwiftFiles */ = {
			isa = PBXGroup;
			children = (
				CC47667F2887E50D005C3641 /* UserConstant.swift */,
				CC4766812887E54C005C3641 /* Models.swift */,
				CC4766832887E5B5005C3641 /* SqlDB.swift */,
				CC4766852887FFDB005C3641 /* setData.swift */,
			);
			path = SwiftFiles;
			sourceTree = "<group>";
		};
		CC832BFD2887CC2F00D9ED39 = {
			isa = PBXGroup;
			children = (
				CC832C082887CC2F00D9ED39 /* SQLiteDemo */,
				CC93F15B28B0987A007733ED /* SQLiteDemoTests */,
				CC832C072887CC2F00D9ED39 /* Products */,
			);
			sourceTree = "<group>";
		};
		CC832C072887CC2F00D9ED39 /* Products */ = {
			isa = PBXGroup;
			children = (
				CC832C062887CC2F00D9ED39 /* SQLiteDemo.app */,
				CC93F15A28B0987A007733ED /* SQLiteDemoTests.xctest */,
			);
			name = Products;
			sourceTree = "<group>";
		};
		CC832C082887CC2F00D9ED39 /* SQLiteDemo */ = {
			isa = PBXGroup;
			children = (
				CC85EC63288941FA00B72205 /* AddUserScreen */,
				CC47667E2887E42C005C3641 /* SwiftFiles */,
				CC832C212887D70000D9ED39 /* View */,
				CC832C1D2887CCEF00D9ED39 /* Controller */,
				CC832C092887CC2F00D9ED39 /* AppDelegate.swift */,
				CC832C0B2887CC2F00D9ED39 /* SceneDelegate.swift */,
				CC832C122887CC3300D9ED39 /* Assets.xcassets */,
				CC832C172887CC3300D9ED39 /* Info.plist */,
			);
			path = SQLiteDemo;
			sourceTree = "<group>";
		};
		CC832C1D2887CCEF00D9ED39 /* Controller */ = {
			isa = PBXGroup;
			children = (
				CC832C0D2887CC2F00D9ED39 /* ViewController.swift */,
			);
			path = Controller;
			sourceTree = "<group>";
		};
		CC832C1E2887CCFB00D9ED39 /* StoryBoard */ = {
			isa = PBXGroup;
			children = (
				CC832C142887CC3300D9ED39 /* LaunchScreen.storyboard */,
				CC832C0F2887CC2F00D9ED39 /* Main.storyboard */,
			);
			path = StoryBoard;
			sourceTree = "<group>";
		};
		CC832C212887D70000D9ED39 /* View */ = {
			isa = PBXGroup;
			children = (
				CC832C222887D71800D9ED39 /* Cell */,
				CC832C1E2887CCFB00D9ED39 /* StoryBoard */,
			);
			path = View;
			sourceTree = "<group>";
		};
		CC832C222887D71800D9ED39 /* Cell */ = {
			isa = PBXGroup;
			children = (
				CC85EC5F28893A8200B72205 /* UserTableViewCell.swift */,
				CC85EC6028893A8200B72205 /* UserTableViewCell.xib */,
			);
			path = Cell;
			sourceTree = "<group>";
		};
		CC85EC63288941FA00B72205 /* AddUserScreen */ = {
			isa = PBXGroup;
			children = (
				CC85EC642889426700B72205 /* AddViewController.swift */,
				CC85EC652889426700B72205 /* AddViewController.xib */,
			);
			path = AddUserScreen;
			sourceTree = "<group>";
		};
		CC93F15B28B0987A007733ED /* SQLiteDemoTests */ = {
			isa = PBXGroup;
			children = (
				CC93F15C28B0987A007733ED /* SQLiteDemoTests.swift */,
			);
			path = SQLiteDemoTests;
			sourceTree = "<group>";
		};
/* End PBXGroup section */

/* Begin PBXNativeTarget section */
		CC832C052887CC2F00D9ED39 /* SQLiteDemo */ = {
			isa = PBXNativeTarget;
			buildConfigurationList = CC832C1A2887CC3300D9ED39 /* Build configuration list for PBXNativeTarget "SQLiteDemo" */;
			buildPhases = (
				CC832C022887CC2F00D9ED39 /* Sources */,
				CC832C032887CC2F00D9ED39 /* Frameworks */,
				CC832C042887CC2F00D9ED39 /* Resources */,
			);
			buildRules = (
			);
			dependencies = (
			);
			name = SQLiteDemo;
			productName = SQLiteDemo;
			productReference = CC832C062887CC2F00D9ED39 /* SQLiteDemo.app */;
			productType = "com.apple.product-type.application";
		};
		CC93F15928B0987A007733ED /* SQLiteDemoTests */ = {
			isa = PBXNativeTarget;
			buildConfigurationList = CC93F16028B0987A007733ED /* Build configuration list for PBXNativeTarget "SQLiteDemoTests" */;
			buildPhases = (
				CC93F15628B0987A007733ED /* Sources */,
				CC93F15728B0987A007733ED /* Frameworks */,
				CC93F15828B0987A007733ED /* Resources */,
			);
			buildRules = (
			);
			dependencies = (
				CC93F15F28B0987A007733ED /* PBXTargetDependency */,
			);
			name = SQLiteDemoTests;
			productName = SQLiteDemoTests;
			productReference = CC93F15A28B0987A007733ED /* SQLiteDemoTests.xctest */;
			productType = "com.apple.product-type.bundle.unit-test";
		};
/* End PBXNativeTarget section */

/* Begin PBXProject section */
		CC832BFE2887CC2F00D9ED39 /* Project object */ = {
			isa = PBXProject;
			attributes = {
				BuildIndependentTargetsInParallel = 1;
				LastSwiftUpdateCheck = 1340;
				LastUpgradeCheck = 1340;
				TargetAttributes = {
					CC832C052887CC2F00D9ED39 = {
						CreatedOnToolsVersion = 13.4.1;
					};
					CC93F15928B0987A007733ED = {
						CreatedOnToolsVersion = 13.4.1;
						TestTargetID = CC832C052887CC2F00D9ED39;
					};
				};
			};
			buildConfigurationList = CC832C012887CC2F00D9ED39 /* Build configuration list for PBXProject "SQLiteDemo" */;
			compatibilityVersion = "Xcode 13.0";
			developmentRegion = en;
			hasScannedForEncodings = 0;
			knownRegions = (
				en,
				Base,
			);
			mainGroup = CC832BFD2887CC2F00D9ED39;
			productRefGroup = CC832C072887CC2F00D9ED39 /* Products */;
			projectDirPath = "";
			projectRoot = "";
			targets = (
				CC832C052887CC2F00D9ED39 /* SQLiteDemo */,
				CC93F15928B0987A007733ED /* SQLiteDemoTests */,
			);
		};
/* End PBXProject section */

/* Begin PBXResourcesBuildPhase section */
		CC832C042887CC2F00D9ED39 /* Resources */ = {
			isa = PBXResourcesBuildPhase;
			buildActionMask = 2147483647;
			files = (
				CC85EC6228893A8200B72205 /* UserTableViewCell.xib in Resources */,
				CC832C162887CC3300D9ED39 /* LaunchScreen.storyboard in Resources */,
				CC85EC672889426700B72205 /* AddViewController.xib in Resources */,
				CC832C132887CC3300D9ED39 /* Assets.xcassets in Resources */,
				CC832C112887CC2F00D9ED39 /* Main.storyboard in Resources */,
			);
			runOnlyForDeploymentPostprocessing = 0;
		};
		CC93F15828B0987A007733ED /* Resources */ = {
			isa = PBXResourcesBuildPhase;
			buildActionMask = 2147483647;
			files = (
			);
			runOnlyForDeploymentPostprocessing = 0;
		};
/* End PBXResourcesBuildPhase section */

/* Begin PBXSourcesBuildPhase section */
		CC832C022887CC2F00D9ED39 /* Sources */ = {
			isa = PBXSourcesBuildPhase;
			buildActionMask = 2147483647;
			files = (
				CC4766802887E50D005C3641 /* UserConstant.swift in Sources */,
				CC832C0E2887CC2F00D9ED39 /* ViewController.swift in Sources */,
				CC85EC662889426700B72205 /* AddViewController.swift in Sources */,
				CC832C0A2887CC2F00D9ED39 /* AppDelegate.swift in Sources */,
				CC4766842887E5B5005C3641 /* SqlDB.swift in Sources */,
				CC85EC6128893A8200B72205 /* UserTableViewCell.swift in Sources */,
				CC4766862887FFDB005C3641 /* setData.swift in Sources */,
				CC832C0C2887CC2F00D9ED39 /* SceneDelegate.swift in Sources */,
				CC4766822887E54C005C3641 /* Models.swift in Sources */,
			);
			runOnlyForDeploymentPostprocessing = 0;
		};
		CC93F15628B0987A007733ED /* Sources */ = {
			isa = PBXSourcesBuildPhase;
			buildActionMask = 2147483647;
			files = (
				CC93F15D28B0987A007733ED /* SQLiteDemoTests.swift in Sources */,
			);
			runOnlyForDeploymentPostprocessing = 0;
		};
/* End PBXSourcesBuildPhase section */

/* Begin PBXTargetDependency section */
		CC93F15F28B0987A007733ED /* PBXTargetDependency */ = {
			isa = PBXTargetDependency;
			target = CC832C052887CC2F00D9ED39 /* SQLiteDemo */;
			targetProxy = CC93F15E28B0987A007733ED /* PBXContainerItemProxy */;
		};
/* End PBXTargetDependency section */

/* Begin PBXVariantGroup section */
		CC832C0F2887CC2F00D9ED39 /* Main.storyboard */ = {
			isa = PBXVariantGroup;
			children = (
				CC832C102887CC2F00D9ED39 /* Base */,
			);
			name = Main.storyboard;
			sourceTree = "<group>";
		};
		CC832C142887CC3300D9ED39 /* LaunchScreen.storyboard */ = {
			isa = PBXVariantGroup;
			children = (
				CC832C152887CC3300D9ED39 /* Base */,
			);
			name = LaunchScreen.storyboard;
			sourceTree = "<group>";
		};
/* End PBXVariantGroup section */

/* Begin XCBuildConfiguration section */
		CC832C182887CC3300D9ED39 /* Debug */ = {
			isa = XCBuildConfiguration;
			buildSettings = {
				ALWAYS_SEARCH_USER_PATHS = NO;
				CLANG_ANALYZER_NONNULL = YES;
				CLANG_ANALYZER_NUMBER_OBJECT_CONVERSION = YES_AGGRESSIVE;
				CLANG_CXX_LANGUAGE_STANDARD = "gnu++17";
				CLANG_ENABLE_MODULES = YES;
				CLANG_ENABLE_OBJC_ARC = YES;
				CLANG_ENABLE_OBJC_WEAK = YES;
				CLANG_WARN_BLOCK_CAPTURE_AUTORELEASING = YES;
				CLANG_WARN_BOOL_CONVERSION = YES;
				CLANG_WARN_COMMA = YES;
				CLANG_WARN_CONSTANT_CONVERSION = YES;
				CLANG_WARN_DEPRECATED_OBJC_IMPLEMENTATIONS = YES;
				CLANG_WARN_DIRECT_OBJC_ISA_USAGE = YES_ERROR;
				CLANG_WARN_DOCUMENTATION_COMMENTS = YES;
				CLANG_WARN_EMPTY_BODY = YES;
				CLANG_WARN_ENUM_CONVERSION = YES;
				CLANG_WARN_INFINITE_RECURSION = YES;
				CLANG_WARN_INT_CONVERSION = YES;
				CLANG_WARN_NON_LITERAL_NULL_CONVERSION = YES;
				CLANG_WARN_OBJC_IMPLICIT_RETAIN_SELF = YES;
				CLANG_WARN_OBJC_LITERAL_CONVERSION = YES;
				CLANG_WARN_OBJC_ROOT_CLASS = YES_ERROR;
				CLANG_WARN_QUOTED_INCLUDE_IN_FRAMEWORK_HEADER = YES;
				CLANG_WARN_RANGE_LOOP_ANALYSIS = YES;
				CLANG_WARN_STRICT_PROTOTYPES = YES;
				CLANG_WARN_SUSPICIOUS_MOVE = YES;
				CLANG_WARN_UNGUARDED_AVAILABILITY = YES_AGGRESSIVE;
				CLANG_WARN_UNREACHABLE_CODE = YES;
				CLANG_WARN__DUPLICATE_METHOD_MATCH = YES;
				COPY_PHASE_STRIP = NO;
				DEBUG_INFORMATION_FORMAT = dwarf;
				ENABLE_STRICT_OBJC_MSGSEND = YES;
				ENABLE_TESTABILITY = YES;
				GCC_C_LANGUAGE_STANDARD = gnu11;
				GCC_DYNAMIC_NO_PIC = NO;
				GCC_NO_COMMON_BLOCKS = YES;
				GCC_OPTIMIZATION_LEVEL = 0;
				GCC_PREPROCESSOR_DEFINITIONS = (
					"DEBUG=1",
					"$(inherited)",
				);
				GCC_WARN_64_TO_32_BIT_CONVERSION = YES;
				GCC_WARN_ABOUT_RETURN_TYPE = YES_ERROR;
				GCC_WARN_UNDECLARED_SELECTOR = YES;
				GCC_WARN_UNINITIALIZED_AUTOS = YES_AGGRESSIVE;
				GCC_WARN_UNUSED_FUNCTION = YES;
				GCC_WARN_UNUSED_VARIABLE = YES;
				IPHONEOS_DEPLOYMENT_TARGET = 15.5;
				MTL_ENABLE_DEBUG_INFO = INCLUDE_SOURCE;
				MTL_FAST_MATH = YES;
				ONLY_ACTIVE_ARCH = YES;
				SDKROOT = iphoneos;
				SWIFT_ACTIVE_COMPILATION_CONDITIONS = DEBUG;
				SWIFT_OPTIMIZATION_LEVEL = "-Onone";
			};
			name = Debug;
		};
		CC832C192887CC3300D9ED39 /* Release */ = {
			isa = XCBuildConfiguration;
			buildSettings = {
				ALWAYS_SEARCH_USER_PATHS = NO;
				CLANG_ANALYZER_NONNULL = YES;
				CLANG_ANALYZER_NUMBER_OBJECT_CONVERSION = YES_AGGRESSIVE;
				CLANG_CXX_LANGUAGE_STANDARD = "gnu++17";
				CLANG_ENABLE_MODULES = YES;
				CLANG_ENABLE_OBJC_ARC = YES;
				CLANG_ENABLE_OBJC_WEAK = YES;
				CLANG_WARN_BLOCK_CAPTURE_AUTORELEASING = YES;
				CLANG_WARN_BOOL_CONVERSION = YES;
				CLANG_WARN_COMMA = YES;
				CLANG_WARN_CONSTANT_CONVERSION = YES;
				CLANG_WARN_DEPRECATED_OBJC_IMPLEMENTATIONS = YES;
				CLANG_WARN_DIRECT_OBJC_ISA_USAGE = YES_ERROR;
				CLANG_WARN_DOCUMENTATION_COMMENTS = YES;
				CLANG_WARN_EMPTY_BODY = YES;
				CLANG_WARN_ENUM_CONVERSION = YES;
				CLANG_WARN_INFINITE_RECURSION = YES;
				CLANG_WARN_INT_CONVERSION = YES;
				CLANG_WARN_NON_LITERAL_NULL_CONVERSION = YES;
				CLANG_WARN_OBJC_IMPLICIT_RETAIN_SELF = YES;
				CLANG_WARN_OBJC_LITERAL_CONVERSION = YES;
				CLANG_WARN_OBJC_ROOT_CLASS = YES_ERROR;
				CLANG_WARN_QUOTED_INCLUDE_IN_FRAMEWORK_HEADER = YES;
				CLANG_WARN_RANGE_LOOP_ANALYSIS = YES;
				CLANG_WARN_STRICT_PROTOTYPES = YES;
				CLANG_WARN_SUSPICIOUS_MOVE = YES;
				CLANG_WARN_UNGUARDED_AVAILABILITY = YES_AGGRESSIVE;
				CLANG_WARN_UNREACHABLE_CODE = YES;
				CLANG_WARN__DUPLICATE_METHOD_MATCH = YES;
				COPY_PHASE_STRIP = NO;
				DEBUG_INFORMATION_FORMAT = "dwarf-with-dsym";
				ENABLE_NS_ASSERTIONS = NO;
				ENABLE_STRICT_OBJC_MSGSEND = YES;
				GCC_C_LANGUAGE_STANDARD = gnu11;
				GCC_NO_COMMON_BLOCKS = YES;
				GCC_WARN_64_TO_32_BIT_CONVERSION = YES;
				GCC_WARN_ABOUT_RETURN_TYPE = YES_ERROR;
				GCC_WARN_UNDECLARED_SELECTOR = YES;
				GCC_WARN_UNINITIALIZED_AUTOS = YES_AGGRESSIVE;
				GCC_WARN_UNUSED_FUNCTION = YES;
				GCC_WARN_UNUSED_VARIABLE = YES;
				IPHONEOS_DEPLOYMENT_TARGET = 15.5;
				MTL_ENABLE_DEBUG_INFO = NO;
				MTL_FAST_MATH = YES;
				SDKROOT = iphoneos;
				SWIFT_COMPILATION_MODE = wholemodule;
				SWIFT_OPTIMIZATION_LEVEL = "-O";
				VALIDATE_PRODUCT = YES;
			};
			name = Release;
		};
		CC832C1B2887CC3300D9ED39 /* Debug */ = {
			isa = XCBuildConfiguration;
			buildSettings = {
				ASSETCATALOG_COMPILER_APPICON_NAME = AppIcon;
				ASSETCATALOG_COMPILER_GLOBAL_ACCENT_COLOR_NAME = AccentColor;
				CODE_SIGN_STYLE = Automatic;
				CURRENT_PROJECT_VERSION = 1;
				GENERATE_INFOPLIST_FILE = YES;
				INFOPLIST_FILE = SQLiteDemo/Info.plist;
				INFOPLIST_KEY_UIApplicationSupportsIndirectInputEvents = YES;
				INFOPLIST_KEY_UILaunchStoryboardName = LaunchScreen;
				INFOPLIST_KEY_UIMainStoryboardFile = Main;
				INFOPLIST_KEY_UISupportedInterfaceOrientations = UIInterfaceOrientationPortrait;
				INFOPLIST_KEY_UISupportedInterfaceOrientations_iPad = "UIInterfaceOrientationPortrait UIInterfaceOrientationPortraitUpsideDown UIInterfaceOrientationLandscapeLeft UIInterfaceOrientationLandscapeRight";
				INFOPLIST_KEY_UISupportedInterfaceOrientations_iPhone = "UIInterfaceOrientationPortrait UIInterfaceOrientationLandscapeLeft UIInterfaceOrientationLandscapeRight";
				LD_RUNPATH_SEARCH_PATHS = (
					"$(inherited)",
					"@executable_path/Frameworks",
				);
				MARKETING_VERSION = 1.0;
				PRODUCT_BUNDLE_IDENTIFIER = com.KelltonTraineeiOS.SQLiteDemo;
				PRODUCT_NAME = "$(TARGET_NAME)";
				SWIFT_EMIT_LOC_STRINGS = YES;
				SWIFT_VERSION = 5.0;
				TARGETED_DEVICE_FAMILY = 1;
			};
			name = Debug;
		};
		CC832C1C2887CC3300D9ED39 /* Release */ = {
			isa = XCBuildConfiguration;
			buildSettings = {
				ASSETCATALOG_COMPILER_APPICON_NAME = AppIcon;
				ASSETCATALOG_COMPILER_GLOBAL_ACCENT_COLOR_NAME = AccentColor;
				CODE_SIGN_STYLE = Automatic;
				CURRENT_PROJECT_VERSION = 1;
				GENERATE_INFOPLIST_FILE = YES;
				INFOPLIST_FILE = SQLiteDemo/Info.plist;
				INFOPLIST_KEY_UIApplicationSupportsIndirectInputEvents = YES;
				INFOPLIST_KEY_UILaunchStoryboardName = LaunchScreen;
				INFOPLIST_KEY_UIMainStoryboardFile = Main;
				INFOPLIST_KEY_UISupportedInterfaceOrientations = UIInterfaceOrientationPortrait;
				INFOPLIST_KEY_UISupportedInterfaceOrientations_iPad = "UIInterfaceOrientationPortrait UIInterfaceOrientationPortraitUpsideDown UIInterfaceOrientationLandscapeLeft UIInterfaceOrientationLandscapeRight";
				INFOPLIST_KEY_UISupportedInterfaceOrientations_iPhone = "UIInterfaceOrientationPortrait UIInterfaceOrientationLandscapeLeft UIInterfaceOrientationLandscapeRight";
				LD_RUNPATH_SEARCH_PATHS = (
					"$(inherited)",
					"@executable_path/Frameworks",
				);
				MARKETING_VERSION = 1.0;
				PRODUCT_BUNDLE_IDENTIFIER = com.KelltonTraineeiOS.SQLiteDemo;
				PRODUCT_NAME = "$(TARGET_NAME)";
				SWIFT_EMIT_LOC_STRINGS = YES;
				SWIFT_VERSION = 5.0;
				TARGETED_DEVICE_FAMILY = 1;
			};
			name = Release;
		};
		CC93F16128B0987A007733ED /* Debug */ = {
			isa = XCBuildConfiguration;
			buildSettings = {
				BUNDLE_LOADER = "$(TEST_HOST)";
				CODE_SIGN_STYLE = Automatic;
				CURRENT_PROJECT_VERSION = 1;
				GENERATE_INFOPLIST_FILE = YES;
				MARKETING_VERSION = 1.0;
				PRODUCT_BUNDLE_IDENTIFIER = com.KelltonTraineeiOS.SQLiteDemoTests;
				PRODUCT_NAME = "$(TARGET_NAME)";
				SWIFT_EMIT_LOC_STRINGS = NO;
				SWIFT_VERSION = 5.0;
				TARGETED_DEVICE_FAMILY = "1,2";
				TEST_HOST = "$(BUILT_PRODUCTS_DIR)/SQLiteDemo.app/SQLiteDemo";
			};
			name = Debug;
		};
		CC93F16228B0987A007733ED /* Release */ = {
			isa = XCBuildConfiguration;
			buildSettings = {
				BUNDLE_LOADER = "$(TEST_HOST)";
				CODE_SIGN_STYLE = Automatic;
				CURRENT_PROJECT_VERSION = 1;
				GENERATE_INFOPLIST_FILE = YES;
				MARKETING_VERSION = 1.0;
				PRODUCT_BUNDLE_IDENTIFIER = com.KelltonTraineeiOS.SQLiteDemoTests;
				PRODUCT_NAME = "$(TARGET_NAME)";
				SWIFT_EMIT_LOC_STRINGS = NO;
				SWIFT_VERSION = 5.0;
				TARGETED_DEVICE_FAMILY = "1,2";
				TEST_HOST = "$(BUILT_PRODUCTS_DIR)/SQLiteDemo.app/SQLiteDemo";
			};
			name = Release;
		};
/* End XCBuildConfiguration section */

/* Begin XCConfigurationList section */
		CC832C012887CC2F00D9ED39 /* Build configuration list for PBXProject "SQLiteDemo" */ = {
			isa = XCConfigurationList;
			buildConfigurations = (
				CC832C182887CC3300D9ED39 /* Debug */,
				CC832C192887CC3300D9ED39 /* Release */,
			);
			defaultConfigurationIsVisible = 0;
			defaultConfigurationName = Release;
		};
		CC832C1A2887CC3300D9ED39 /* Build configuration list for PBXNativeTarget "SQLiteDemo" */ = {
			isa = XCConfigurationList;
			buildConfigurations = (
				CC832C1B2887CC3300D9ED39 /* Debug */,
				CC832C1C2887CC3300D9ED39 /* Release */,
			);
			defaultConfigurationIsVisible = 0;
			defaultConfigurationName = Release;
		};
		CC93F16028B0987A007733ED /* Build configuration list for PBXNativeTarget "SQLiteDemoTests" */ = {
			isa = XCConfigurationList;
			buildConfigurations = (
				CC93F16128B0987A007733ED /* Debug */,
				CC93F16228B0987A007733ED /* Release */,
			);
			defaultConfigurationIsVisible = 0;
			defaultConfigurationName = Release;
		};
/* End XCConfigurationList section */
	};
	rootObject = CC832BFE2887CC2F00D9ED39 /* Project object */;
}
